
Microsoft Visual Studio Solution File, Format Version 12.00
# Visual Studio Version 17
VisualStudioVersion = 17.0.31612.314
MinimumVisualStudioVersion = 10.0.40219.1
Project("{9A19103F-16F7-4668-BE54-9A1E7A4F7556}") = "MeteoXamarinForms", "MeteoXamarinForms\MeteoXamarinForms\MeteoXamarinForms.csproj", "{51C8902C-31E7-45C6-9920-F3F6591F39F7}"
EndProject
Project("{FAE04EC0-301F-11D3-BF4B-00C04F79EFBC}") = "MeteoXamarinForms.Android", "MeteoXamarinForms\MeteoXamarinForms.Android\MeteoXamarinForms.Android.csproj", "{EE9D54A6-7FA5-4002-909E-6E65032E214D}"
EndProject
Global
	GlobalSection(SolutionConfigurationPlatforms) = preSolution
		Debug|Any CPU = Debug|Any CPU
		Release|Any CPU = Release|Any CPU
	EndGlobalSection
	GlobalSection(ProjectConfigurationPlatforms) = postSolution
		{51C8902C-31E7-45C6-9920-F3F6591F39F7}.Debug|Any CPU.ActiveCfg = Debug|Any CPU
		{51C8902C-31E7-45C6-9920-F3F6591F39F7}.Debug|Any CPU.Build.0 = Debug|Any CPU
		{51C8902C-31E7-45C6-9920-F3F6591F39F7}.Debug|Any CPU.Deploy.0 = Debug|Any CPU
		{51C8902C-31E7-45C6-9920-F3F6591F39F7}.Release|Any CPU.ActiveCfg = Release|Any CPU
		{51C8902C-31E7-45C6-9920-F3F6591F39F7}.Release|Any CPU.Build.0 = Release|Any CPU
		{51C8902C-31E7-45C6-9920-F3F6591F39F7}.Release|Any CPU.Deploy.0 = Release|Any CPU
		{EE9D54A6-7FA5-4002-909E-6E65032E214D}.Debug|Any CPU.ActiveCfg = Debug|Any CPU
		{EE9D54A6-7FA5-4002-909E-6E65032E214D}.Debug|Any CPU.Build.0 = Debug|Any CPU
		{EE9D54A6-7FA5-4002-909E-6E65032E214D}.Debug|Any CPU.Deploy.0 = Debug|Any CPU
		{EE9D54A6-7FA5-4002-909E-6E65032E214D}.Release|Any CPU.ActiveCfg = Release|Any CPU
		{EE9D54A6-7FA5-4002-909E-6E65032E214D}.Release|Any CPU.Build.0 = Release|Any CPU
		{EE9D54A6-7FA5-4002-909E-6E65032E214D}.Release|Any CPU.Deploy.0 = Release|Any CPU
	EndGlobalSection
	GlobalSection(SolutionProperties) = preSolution
		HideSolutionNode = FALSE
	EndGlobalSection
	GlobalSection(ExtensibilityGlobals) = postSolution
		SolutionGuid = {AAE86B74-C6D2-4E42-9E59-59C3BD2DB654}
	EndGlobalSection
EndGlobal
